// !$*UTF8*$!
{
	archiveVersion = 1;
	classes = {
	};
	objectVersion = 55;
	objects = {

/* Begin PBXBuildFile section */
		CF143C0828D51DA100904E7E /* Main.swift in Sources */ = {isa = PBXBuildFile; fileRef = CF143C0728D51DA100904E7E /* Main.swift */; };
		CF143C0A28D51DA100904E7E /* RootView.swift in Sources */ = {isa = PBXBuildFile; fileRef = CF143C0928D51DA100904E7E /* RootView.swift */; };
		CF143C0C28D51DA600904E7E /* AppIcon.xcassets in Resources */ = {isa = PBXBuildFile; fileRef = CF143C0B28D51DA600904E7E /* AppIcon.xcassets */; };
		CF143C0F28D51DA700904E7E /* Preview Assets.xcassets in Resources */ = {isa = PBXBuildFile; fileRef = CF143C0E28D51DA700904E7E /* Preview Assets.xcassets */; };
		CF143C1928D51DA700904E7E /* FreeChartsTests.swift in Sources */ = {isa = PBXBuildFile; fileRef = CF143C1828D51DA700904E7E /* FreeChartsTests.swift */; };
		CF143C2328D51DA700904E7E /* FreeChartsUITests.swift in Sources */ = {isa = PBXBuildFile; fileRef = CF143C2228D51DA700904E7E /* FreeChartsUITests.swift */; };
		CF143C2528D51DA700904E7E /* FreeChartsUITestsLaunchTests.swift in Sources */ = {isa = PBXBuildFile; fileRef = CF143C2428D51DA700904E7E /* FreeChartsUITestsLaunchTests.swift */; };
		CF143C3328D51E7D00904E7E /* MapView.swift in Sources */ = {isa = PBXBuildFile; fileRef = CF143C3228D51E7D00904E7E /* MapView.swift */; };
		CF143C3628D5451F00904E7E /* MapKit.framework in Frameworks */ = {isa = PBXBuildFile; fileRef = CF143C3528D5451F00904E7E /* MapKit.framework */; };
		CF143C3828D5643400904E7E /* MapMenuView.swift in Sources */ = {isa = PBXBuildFile; fileRef = CF143C3728D5643400904E7E /* MapMenuView.swift */; };
		CF143C3A28D56D2100904E7E /* MapContainerView.swift in Sources */ = {isa = PBXBuildFile; fileRef = CF143C3928D56D2100904E7E /* MapContainerView.swift */; };
		CF143C3C28D57C8400904E7E /* DownloadOverlayView.swift in Sources */ = {isa = PBXBuildFile; fileRef = CF143C3B28D57C8400904E7E /* DownloadOverlayView.swift */; };
		CF32981128E902A300148E57 /* NeededTilesUtil.swift in Sources */ = {isa = PBXBuildFile; fileRef = CF32981028E902A300148E57 /* NeededTilesUtil.swift */; };
		CF32981828E9071400148E57 /* Turf in Frameworks */ = {isa = PBXBuildFile; productRef = CF32981728E9071400148E57 /* Turf */; };
		CF32981A28E9075B00148E57 /* DownloadArea.swift in Sources */ = {isa = PBXBuildFile; fileRef = CF32981928E9075B00148E57 /* DownloadArea.swift */; };
		CF32981C28E916D000148E57 /* Polygon+Region.swift in Sources */ = {isa = PBXBuildFile; fileRef = CF32981B28E916D000148E57 /* Polygon+Region.swift */; };
		CF32981E28E9F9AB00148E57 /* PricingManager.swift in Sources */ = {isa = PBXBuildFile; fileRef = CF32981D28E9F9AB00148E57 /* PricingManager.swift */; };
		CF32982228E9FBA100148E57 /* PaywallView.swift in Sources */ = {isa = PBXBuildFile; fileRef = CF32982128E9FBA100148E57 /* PaywallView.swift */; };
		CF32982428EA51AC00148E57 /* HipCharts.storekit in Resources */ = {isa = PBXBuildFile; fileRef = CF32982328EA51AC00148E57 /* HipCharts.storekit */; };
		CF32982828EA521000148E57 /* Testing.storekit in Resources */ = {isa = PBXBuildFile; fileRef = CF32982728EA521000148E57 /* Testing.storekit */; };
		CF32982A28EA534F00148E57 /* StoreKitTestCertificate.cer in Resources */ = {isa = PBXBuildFile; fileRef = CF32982928EA534F00148E57 /* StoreKitTestCertificate.cer */; };
		CF32983928EB3D2600148E57 /* BuyButtonStyle.swift in Sources */ = {isa = PBXBuildFile; fileRef = CF32982F28EB3D2500148E57 /* BuyButtonStyle.swift */; };
		CF32983A28EB3D2600148E57 /* ListCellView.swift in Sources */ = {isa = PBXBuildFile; fileRef = CF32983028EB3D2500148E57 /* ListCellView.swift */; };
		CF32983B28EB3D2600148E57 /* StatusInfoView.swift in Sources */ = {isa = PBXBuildFile; fileRef = CF32983128EB3D2600148E57 /* StatusInfoView.swift */; };
		CF32983D28EB3D2600148E57 /* StoreView.swift in Sources */ = {isa = PBXBuildFile; fileRef = CF32983328EB3D2600148E57 /* StoreView.swift */; };
		CF32983F28EB3D2600148E57 /* SubscriptionsSectionView.swift in Sources */ = {isa = PBXBuildFile; fileRef = CF32983528EB3D2600148E57 /* SubscriptionsSectionView.swift */; };
		CF65A11C28D631DE004B241B /* DownloadManager.swift in Sources */ = {isa = PBXBuildFile; fileRef = CF65A11B28D631DE004B241B /* DownloadManager.swift */; };
		CF65A11F28D631FF004B241B /* Application.swift in Sources */ = {isa = PBXBuildFile; fileRef = CF65A11E28D631FF004B241B /* Application.swift */; };
		CF65A12228D6561F004B241B /* MKCoordinateRegion+Codable.swift in Sources */ = {isa = PBXBuildFile; fileRef = CF65A12128D6561F004B241B /* MKCoordinateRegion+Codable.swift */; };
		CF65A12628D65A12004B241B /* ChartTileOverlay.swift in Sources */ = {isa = PBXBuildFile; fileRef = CF65A12528D65A12004B241B /* ChartTileOverlay.swift */; };
		CF65A12828D669E2004B241B /* DisplayError.swift in Sources */ = {isa = PBXBuildFile; fileRef = CF65A12728D669E2004B241B /* DisplayError.swift */; };
		CF65A12A28D66D8E004B241B /* Result.swift in Sources */ = {isa = PBXBuildFile; fileRef = CF65A12928D66D8E004B241B /* Result.swift */; };
		CF65A12C28D6737B004B241B /* URLResponse+Error.swift in Sources */ = {isa = PBXBuildFile; fileRef = CF65A12B28D6737B004B241B /* URLResponse+Error.swift */; };
		CF65A12E28D67B39004B241B /* MKTileOverlayPath.swift in Sources */ = {isa = PBXBuildFile; fileRef = CF65A12D28D67B39004B241B /* MKTileOverlayPath.swift */; };
		CF65A13028D68460004B241B /* Combine.swift in Sources */ = {isa = PBXBuildFile; fileRef = CF65A12F28D68460004B241B /* Combine.swift */; };
		CF65A13228D692E2004B241B /* DownloadMenuView.swift in Sources */ = {isa = PBXBuildFile; fileRef = CF65A13128D692E2004B241B /* DownloadMenuView.swift */; };
		CF65A13428D6BC2E004B241B /* DownloadAreaListCell.swift in Sources */ = {isa = PBXBuildFile; fileRef = CF65A13328D6BC2E004B241B /* DownloadAreaListCell.swift */; };
		CF65A13628D6BFAE004B241B /* UserDefaults+Codable.swift in Sources */ = {isa = PBXBuildFile; fileRef = CF65A13528D6BFAE004B241B /* UserDefaults+Codable.swift */; };
		CF65A13828D6C565004B241B /* Logger.swift in Sources */ = {isa = PBXBuildFile; fileRef = CF65A13728D6C565004B241B /* Logger.swift */; };
		CF65A13A28D79368004B241B /* SwiftUI+UserDefaults.swift in Sources */ = {isa = PBXBuildFile; fileRef = CF65A13928D79368004B241B /* SwiftUI+UserDefaults.swift */; };
		CF65A13E28D79D56004B241B /* MapSettingsMenuView.swift in Sources */ = {isa = PBXBuildFile; fileRef = CF65A13D28D79D56004B241B /* MapSettingsMenuView.swift */; };
		CF65A14128D7B27B004B241B /* ToastView.swift in Sources */ = {isa = PBXBuildFile; fileRef = CF65A14028D7B27B004B241B /* ToastView.swift */; };
		CF65A14428D7EB65004B241B /* Color+UISystemColors.swift in Sources */ = {isa = PBXBuildFile; fileRef = CF65A14328D7EB65004B241B /* Color+UISystemColors.swift */; };
		CF859ED428E37AD7005C9FD4 /* Codable+RawRepresentable.swift in Sources */ = {isa = PBXBuildFile; fileRef = CF859ED328E37AD7005C9FD4 /* Codable+RawRepresentable.swift */; };
		CF859ED828E37E9B005C9FD4 /* MapRegionChangeEvent.swift in Sources */ = {isa = PBXBuildFile; fileRef = CF859ED728E37E9B005C9FD4 /* MapRegionChangeEvent.swift */; };
		CF859EDA28E382F4005C9FD4 /* MapState.swift in Sources */ = {isa = PBXBuildFile; fileRef = CF859ED928E382F4005C9FD4 /* MapState.swift */; };
		CFD8C29D28E8CC3B00B03091 /* MapDrawingUIView.swift in Sources */ = {isa = PBXBuildFile; fileRef = CFD8C29A28E8CC3B00B03091 /* MapDrawingUIView.swift */; };
		CFD8C29E28E8CC3B00B03091 /* MapDrawingVM.swift in Sources */ = {isa = PBXBuildFile; fileRef = CFD8C29B28E8CC3B00B03091 /* MapDrawingVM.swift */; };
		CFD8C29F28E8CC3B00B03091 /* MapDrawingUIView.xib in Resources */ = {isa = PBXBuildFile; fileRef = CFD8C29C28E8CC3B00B03091 /* MapDrawingUIView.xib */; };
		CFD8C2A128E8CD1A00B03091 /* BaseVM.swift in Sources */ = {isa = PBXBuildFile; fileRef = CFD8C2A028E8CD1A00B03091 /* BaseVM.swift */; };
		CFD8C2A328E8CE5000B03091 /* CLLocationCoordinate2D+WA.swift in Sources */ = {isa = PBXBuildFile; fileRef = CFD8C2A228E8CE5000B03091 /* CLLocationCoordinate2D+WA.swift */; };
		CFD8C2A528E8D2BF00B03091 /* UIBezierPath+WA.swift in Sources */ = {isa = PBXBuildFile; fileRef = CFD8C2A428E8D2BF00B03091 /* UIBezierPath+WA.swift */; };
		CFD8C2A728E8D31400B03091 /* UIView+WA.swift in Sources */ = {isa = PBXBuildFile; fileRef = CFD8C2A628E8D31400B03091 /* UIView+WA.swift */; };
		CFE2893028E51DBD00A495A5 /* Map.xcassets in Resources */ = {isa = PBXBuildFile; fileRef = CFE2892F28E51DBD00A495A5 /* Map.xcassets */; };
		CFE2893228E51DF600A495A5 /* Launch.xcassets in Resources */ = {isa = PBXBuildFile; fileRef = CFE2893128E51DF600A495A5 /* Launch.xcassets */; };
		CFE2893528E51EF000A495A5 /* Launch.storyboard in Resources */ = {isa = PBXBuildFile; fileRef = CFE2893428E51EF000A495A5 /* Launch.storyboard */; };
/* End PBXBuildFile section */

/* Begin PBXContainerItemProxy section */
		CF143C1528D51DA700904E7E /* PBXContainerItemProxy */ = {
			isa = PBXContainerItemProxy;
			containerPortal = CF143BFC28D51DA100904E7E /* Project object */;
			proxyType = 1;
			remoteGlobalIDString = CF143C0328D51DA100904E7E;
			remoteInfo = FreeCharts;
		};
		CF143C1F28D51DA700904E7E /* PBXContainerItemProxy */ = {
			isa = PBXContainerItemProxy;
			containerPortal = CF143BFC28D51DA100904E7E /* Project object */;
			proxyType = 1;
			remoteGlobalIDString = CF143C0328D51DA100904E7E;
			remoteInfo = FreeCharts;
		};
/* End PBXContainerItemProxy section */

/* Begin PBXFileReference section */
		CF143C0428D51DA100904E7E /* HipCharts.app */ = {isa = PBXFileReference; explicitFileType = wrapper.application; includeInIndex = 0; path = HipCharts.app; sourceTree = BUILT_PRODUCTS_DIR; };
		CF143C0728D51DA100904E7E /* Main.swift */ = {isa = PBXFileReference; lastKnownFileType = sourcecode.swift; path = Main.swift; sourceTree = "<group>"; };
		CF143C0928D51DA100904E7E /* RootView.swift */ = {isa = PBXFileReference; lastKnownFileType = sourcecode.swift; path = RootView.swift; sourceTree = "<group>"; };
		CF143C0B28D51DA600904E7E /* AppIcon.xcassets */ = {isa = PBXFileReference; lastKnownFileType = folder.assetcatalog; path = AppIcon.xcassets; sourceTree = "<group>"; };
		CF143C0E28D51DA700904E7E /* Preview Assets.xcassets */ = {isa = PBXFileReference; lastKnownFileType = folder.assetcatalog; path = "Preview Assets.xcassets"; sourceTree = "<group>"; };
		CF143C1428D51DA700904E7E /* HipChartsTests.xctest */ = {isa = PBXFileReference; explicitFileType = wrapper.cfbundle; includeInIndex = 0; path = HipChartsTests.xctest; sourceTree = BUILT_PRODUCTS_DIR; };
		CF143C1828D51DA700904E7E /* FreeChartsTests.swift */ = {isa = PBXFileReference; lastKnownFileType = sourcecode.swift; path = FreeChartsTests.swift; sourceTree = "<group>"; };
		CF143C1E28D51DA700904E7E /* HipChartsUITests.xctest */ = {isa = PBXFileReference; explicitFileType = wrapper.cfbundle; includeInIndex = 0; path = HipChartsUITests.xctest; sourceTree = BUILT_PRODUCTS_DIR; };
		CF143C2228D51DA700904E7E /* FreeChartsUITests.swift */ = {isa = PBXFileReference; lastKnownFileType = sourcecode.swift; path = FreeChartsUITests.swift; sourceTree = "<group>"; };
		CF143C2428D51DA700904E7E /* FreeChartsUITestsLaunchTests.swift */ = {isa = PBXFileReference; lastKnownFileType = sourcecode.swift; path = FreeChartsUITestsLaunchTests.swift; sourceTree = "<group>"; };
		CF143C3228D51E7D00904E7E /* MapView.swift */ = {isa = PBXFileReference; lastKnownFileType = sourcecode.swift; path = MapView.swift; sourceTree = "<group>"; };
		CF143C3528D5451F00904E7E /* MapKit.framework */ = {isa = PBXFileReference; lastKnownFileType = wrapper.framework; name = MapKit.framework; path = System/Library/Frameworks/MapKit.framework; sourceTree = SDKROOT; };
		CF143C3728D5643400904E7E /* MapMenuView.swift */ = {isa = PBXFileReference; lastKnownFileType = sourcecode.swift; path = MapMenuView.swift; sourceTree = "<group>"; };
		CF143C3928D56D2100904E7E /* MapContainerView.swift */ = {isa = PBXFileReference; lastKnownFileType = sourcecode.swift; path = MapContainerView.swift; sourceTree = "<group>"; };
		CF143C3B28D57C8400904E7E /* DownloadOverlayView.swift */ = {isa = PBXFileReference; lastKnownFileType = sourcecode.swift; path = DownloadOverlayView.swift; sourceTree = "<group>"; };
		CF32981028E902A300148E57 /* NeededTilesUtil.swift */ = {isa = PBXFileReference; lastKnownFileType = sourcecode.swift; path = NeededTilesUtil.swift; sourceTree = "<group>"; };
		CF32981928E9075B00148E57 /* DownloadArea.swift */ = {isa = PBXFileReference; lastKnownFileType = sourcecode.swift; path = DownloadArea.swift; sourceTree = "<group>"; };
		CF32981B28E916D000148E57 /* Polygon+Region.swift */ = {isa = PBXFileReference; lastKnownFileType = sourcecode.swift; path = "Polygon+Region.swift"; sourceTree = "<group>"; };
		CF32981D28E9F9AB00148E57 /* PricingManager.swift */ = {isa = PBXFileReference; lastKnownFileType = sourcecode.swift; path = PricingManager.swift; sourceTree = "<group>"; };
		CF32982128E9FBA100148E57 /* PaywallView.swift */ = {isa = PBXFileReference; lastKnownFileType = sourcecode.swift; path = PaywallView.swift; sourceTree = "<group>"; };
		CF32982328EA51AC00148E57 /* HipCharts.storekit */ = {isa = PBXFileReference; lastKnownFileType = text; path = HipCharts.storekit; sourceTree = "<group>"; };
		CF32982728EA521000148E57 /* Testing.storekit */ = {isa = PBXFileReference; lastKnownFileType = text; path = Testing.storekit; sourceTree = "<group>"; };
		CF32982928EA534F00148E57 /* StoreKitTestCertificate.cer */ = {isa = PBXFileReference; lastKnownFileType = file; path = StoreKitTestCertificate.cer; sourceTree = "<group>"; };
		CF32982F28EB3D2500148E57 /* BuyButtonStyle.swift */ = {isa = PBXFileReference; fileEncoding = 4; lastKnownFileType = sourcecode.swift; path = BuyButtonStyle.swift; sourceTree = "<group>"; };
		CF32983028EB3D2500148E57 /* ListCellView.swift */ = {isa = PBXFileReference; fileEncoding = 4; lastKnownFileType = sourcecode.swift; path = ListCellView.swift; sourceTree = "<group>"; };
		CF32983128EB3D2600148E57 /* StatusInfoView.swift */ = {isa = PBXFileReference; fileEncoding = 4; lastKnownFileType = sourcecode.swift; path = StatusInfoView.swift; sourceTree = "<group>"; };
		CF32983328EB3D2600148E57 /* StoreView.swift */ = {isa = PBXFileReference; fileEncoding = 4; lastKnownFileType = sourcecode.swift; path = StoreView.swift; sourceTree = "<group>"; };
		CF32983528EB3D2600148E57 /* SubscriptionsSectionView.swift */ = {isa = PBXFileReference; fileEncoding = 4; lastKnownFileType = sourcecode.swift; path = SubscriptionsSectionView.swift; sourceTree = "<group>"; };
		CF65A11B28D631DE004B241B /* DownloadManager.swift */ = {isa = PBXFileReference; lastKnownFileType = sourcecode.swift; path = DownloadManager.swift; sourceTree = "<group>"; };
		CF65A11E28D631FF004B241B /* Application.swift */ = {isa = PBXFileReference; lastKnownFileType = sourcecode.swift; path = Application.swift; sourceTree = "<group>"; };
		CF65A12128D6561F004B241B /* MKCoordinateRegion+Codable.swift */ = {isa = PBXFileReference; lastKnownFileType = sourcecode.swift; path = "MKCoordinateRegion+Codable.swift"; sourceTree = "<group>"; };
		CF65A12528D65A12004B241B /* ChartTileOverlay.swift */ = {isa = PBXFileReference; lastKnownFileType = sourcecode.swift; path = ChartTileOverlay.swift; sourceTree = "<group>"; };
		CF65A12728D669E2004B241B /* DisplayError.swift */ = {isa = PBXFileReference; lastKnownFileType = sourcecode.swift; path = DisplayError.swift; sourceTree = "<group>"; };
		CF65A12928D66D8E004B241B /* Result.swift */ = {isa = PBXFileReference; lastKnownFileType = sourcecode.swift; path = Result.swift; sourceTree = "<group>"; };
		CF65A12B28D6737B004B241B /* URLResponse+Error.swift */ = {isa = PBXFileReference; lastKnownFileType = sourcecode.swift; path = "URLResponse+Error.swift"; sourceTree = "<group>"; };
		CF65A12D28D67B39004B241B /* MKTileOverlayPath.swift */ = {isa = PBXFileReference; lastKnownFileType = sourcecode.swift; path = MKTileOverlayPath.swift; sourceTree = "<group>"; };
		CF65A12F28D68460004B241B /* Combine.swift */ = {isa = PBXFileReference; lastKnownFileType = sourcecode.swift; path = Combine.swift; sourceTree = "<group>"; };
		CF65A13128D692E2004B241B /* DownloadMenuView.swift */ = {isa = PBXFileReference; lastKnownFileType = sourcecode.swift; path = DownloadMenuView.swift; sourceTree = "<group>"; };
		CF65A13328D6BC2E004B241B /* DownloadAreaListCell.swift */ = {isa = PBXFileReference; lastKnownFileType = sourcecode.swift; path = DownloadAreaListCell.swift; sourceTree = "<group>"; };
		CF65A13528D6BFAE004B241B /* UserDefaults+Codable.swift */ = {isa = PBXFileReference; lastKnownFileType = sourcecode.swift; path = "UserDefaults+Codable.swift"; sourceTree = "<group>"; };
		CF65A13728D6C565004B241B /* Logger.swift */ = {isa = PBXFileReference; lastKnownFileType = sourcecode.swift; path = Logger.swift; sourceTree = "<group>"; };
		CF65A13928D79368004B241B /* SwiftUI+UserDefaults.swift */ = {isa = PBXFileReference; lastKnownFileType = sourcecode.swift; path = "SwiftUI+UserDefaults.swift"; sourceTree = "<group>"; };
		CF65A13D28D79D56004B241B /* MapSettingsMenuView.swift */ = {isa = PBXFileReference; lastKnownFileType = sourcecode.swift; path = MapSettingsMenuView.swift; sourceTree = "<group>"; };
		CF65A14028D7B27B004B241B /* ToastView.swift */ = {isa = PBXFileReference; lastKnownFileType = sourcecode.swift; path = ToastView.swift; sourceTree = "<group>"; };
		CF65A14328D7EB65004B241B /* Color+UISystemColors.swift */ = {isa = PBXFileReference; lastKnownFileType = sourcecode.swift; path = "Color+UISystemColors.swift"; sourceTree = "<group>"; };
		CF859ED328E37AD7005C9FD4 /* Codable+RawRepresentable.swift */ = {isa = PBXFileReference; lastKnownFileType = sourcecode.swift; path = "Codable+RawRepresentable.swift"; sourceTree = "<group>"; };
		CF859ED728E37E9B005C9FD4 /* MapRegionChangeEvent.swift */ = {isa = PBXFileReference; lastKnownFileType = sourcecode.swift; path = MapRegionChangeEvent.swift; sourceTree = "<group>"; };
		CF859ED928E382F4005C9FD4 /* MapState.swift */ = {isa = PBXFileReference; lastKnownFileType = sourcecode.swift; path = MapState.swift; sourceTree = "<group>"; };
		CF859EDE28E50AE8005C9FD4 /* Info.plist */ = {isa = PBXFileReference; lastKnownFileType = text.plist; path = Info.plist; sourceTree = "<group>"; };
		CFD8C29A28E8CC3B00B03091 /* MapDrawingUIView.swift */ = {isa = PBXFileReference; fileEncoding = 4; lastKnownFileType = sourcecode.swift; path = MapDrawingUIView.swift; sourceTree = "<group>"; };
		CFD8C29B28E8CC3B00B03091 /* MapDrawingVM.swift */ = {isa = PBXFileReference; fileEncoding = 4; lastKnownFileType = sourcecode.swift; path = MapDrawingVM.swift; sourceTree = "<group>"; };
		CFD8C29C28E8CC3B00B03091 /* MapDrawingUIView.xib */ = {isa = PBXFileReference; fileEncoding = 4; lastKnownFileType = file.xib; path = MapDrawingUIView.xib; sourceTree = "<group>"; };
		CFD8C2A028E8CD1A00B03091 /* BaseVM.swift */ = {isa = PBXFileReference; fileEncoding = 4; lastKnownFileType = sourcecode.swift; path = BaseVM.swift; sourceTree = "<group>"; };
		CFD8C2A228E8CE5000B03091 /* CLLocationCoordinate2D+WA.swift */ = {isa = PBXFileReference; fileEncoding = 4; lastKnownFileType = sourcecode.swift; path = "CLLocationCoordinate2D+WA.swift"; sourceTree = "<group>"; };
		CFD8C2A428E8D2BF00B03091 /* UIBezierPath+WA.swift */ = {isa = PBXFileReference; fileEncoding = 4; lastKnownFileType = sourcecode.swift; path = "UIBezierPath+WA.swift"; sourceTree = "<group>"; };
		CFD8C2A628E8D31400B03091 /* UIView+WA.swift */ = {isa = PBXFileReference; fileEncoding = 4; lastKnownFileType = sourcecode.swift; path = "UIView+WA.swift"; sourceTree = "<group>"; };
		CFE2892F28E51DBD00A495A5 /* Map.xcassets */ = {isa = PBXFileReference; lastKnownFileType = folder.assetcatalog; path = Map.xcassets; sourceTree = "<group>"; };
		CFE2893128E51DF600A495A5 /* Launch.xcassets */ = {isa = PBXFileReference; lastKnownFileType = folder.assetcatalog; path = Launch.xcassets; sourceTree = "<group>"; };
		CFE2893428E51EF000A495A5 /* Launch.storyboard */ = {isa = PBXFileReference; lastKnownFileType = file.storyboard; path = Launch.storyboard; sourceTree = "<group>"; };
/* End PBXFileReference section */

/* Begin PBXFrameworksBuildPhase section */
		CF143C0128D51DA100904E7E /* Frameworks */ = {
			isa = PBXFrameworksBuildPhase;
			buildActionMask = 2147483647;
			files = (
				CF143C3628D5451F00904E7E /* MapKit.framework in Frameworks */,
				CF32981828E9071400148E57 /* Turf in Frameworks */,
			);
			runOnlyForDeploymentPostprocessing = 0;
		};
		CF143C1128D51DA700904E7E /* Frameworks */ = {
			isa = PBXFrameworksBuildPhase;
			buildActionMask = 2147483647;
			files = (
			);
			runOnlyForDeploymentPostprocessing = 0;
		};
		CF143C1B28D51DA700904E7E /* Frameworks */ = {
			isa = PBXFrameworksBuildPhase;
			buildActionMask = 2147483647;
			files = (
			);
			runOnlyForDeploymentPostprocessing = 0;
		};
/* End PBXFrameworksBuildPhase section */

/* Begin PBXGroup section */
		CF143BFB28D51DA100904E7E = {
			isa = PBXGroup;
			children = (
				CF143C0628D51DA100904E7E /* HipCharts */,
				CF143C1728D51DA700904E7E /* HipChartsTests */,
				CF143C2128D51DA700904E7E /* HipChartsUITests */,
				CF143C0528D51DA100904E7E /* Products */,
				CF143C3428D5451F00904E7E /* Frameworks */,
			);
			sourceTree = "<group>";
		};
		CF143C0528D51DA100904E7E /* Products */ = {
			isa = PBXGroup;
			children = (
				CF143C0428D51DA100904E7E /* HipCharts.app */,
				CF143C1428D51DA700904E7E /* HipChartsTests.xctest */,
				CF143C1E28D51DA700904E7E /* HipChartsUITests.xctest */,
			);
			name = Products;
			sourceTree = "<group>";
		};
		CF143C0628D51DA100904E7E /* HipCharts */ = {
			isa = PBXGroup;
			children = (
				CF859EDE28E50AE8005C9FD4 /* Info.plist */,
				CF143C0B28D51DA600904E7E /* AppIcon.xcassets */,
				CFE2893328E51EDB00A495A5 /* Launch */,
				CF65A11D28D631F6004B241B /* App */,
				CF65A12028D6560F004B241B /* Extensions */,
				CF65A12328D65908004B241B /* Managers */,
				CF143C0D28D51DA700904E7E /* Preview Content */,
				CF143C3128D51E0900904E7E /* UI */,
			);
			path = HipCharts;
			sourceTree = "<group>";
		};
		CF143C0D28D51DA700904E7E /* Preview Content */ = {
			isa = PBXGroup;
			children = (
				CF143C0E28D51DA700904E7E /* Preview Assets.xcassets */,
			);
			path = "Preview Content";
			sourceTree = "<group>";
		};
		CF143C1728D51DA700904E7E /* HipChartsTests */ = {
			isa = PBXGroup;
			children = (
				CF143C1828D51DA700904E7E /* FreeChartsTests.swift */,
			);
			path = HipChartsTests;
			sourceTree = "<group>";
		};
		CF143C2128D51DA700904E7E /* HipChartsUITests */ = {
			isa = PBXGroup;
			children = (
				CF143C2228D51DA700904E7E /* FreeChartsUITests.swift */,
				CF143C2428D51DA700904E7E /* FreeChartsUITestsLaunchTests.swift */,
			);
			path = HipChartsUITests;
			sourceTree = "<group>";
		};
		CF143C3128D51E0900904E7E /* UI */ = {
			isa = PBXGroup;
			children = (
				CF143C0928D51DA100904E7E /* RootView.swift */,
				CF32984028EB3DE200148E57 /* Pricing */,
				CF65A11A28D631C0004B241B /* Download */,
				CF65A12428D659D7004B241B /* Map */,
				CF65A14228D7B596004B241B /* Settings */,
				CF65A13F28D7B26F004B241B /* Shared */,
			);
			path = UI;
			sourceTree = "<group>";
		};
		CF143C3428D5451F00904E7E /* Frameworks */ = {
			isa = PBXGroup;
			children = (
				CF143C3528D5451F00904E7E /* MapKit.framework */,
			);
			name = Frameworks;
			sourceTree = "<group>";
		};
		CF32981228E902AD00148E57 /* Download */ = {
			isa = PBXGroup;
			children = (
				CF65A11B28D631DE004B241B /* DownloadManager.swift */,
				CF32981928E9075B00148E57 /* DownloadArea.swift */,
				CF32981028E902A300148E57 /* NeededTilesUtil.swift */,
			);
			path = Download;
			sourceTree = "<group>";
		};
		CF32981F28E9F9B200148E57 /* Pricing */ = {
			isa = PBXGroup;
			children = (
				CF32981D28E9F9AB00148E57 /* PricingManager.swift */,
				CF32982328EA51AC00148E57 /* HipCharts.storekit */,
				CF32982728EA521000148E57 /* Testing.storekit */,
				CF32982928EA534F00148E57 /* StoreKitTestCertificate.cer */,
			);
			path = Pricing;
			sourceTree = "<group>";
		};
		CF32982028E9FA8400148E57 /* Menu */ = {
			isa = PBXGroup;
			children = (
				CF143C3728D5643400904E7E /* MapMenuView.swift */,
			);
			path = Menu;
			sourceTree = "<group>";
		};
		CF32982B28EB3D1800148E57 /* From Apple */ = {
			isa = PBXGroup;
			children = (
				CF32982F28EB3D2500148E57 /* BuyButtonStyle.swift */,
				CF32983028EB3D2500148E57 /* ListCellView.swift */,
				CF32983128EB3D2600148E57 /* StatusInfoView.swift */,
				CF32983328EB3D2600148E57 /* StoreView.swift */,
				CF32983528EB3D2600148E57 /* SubscriptionsSectionView.swift */,
			);
			path = "From Apple";
			sourceTree = "<group>";
		};
		CF32984028EB3DE200148E57 /* Pricing */ = {
			isa = PBXGroup;
			children = (
				CF32982128E9FBA100148E57 /* PaywallView.swift */,
				CF32982B28EB3D1800148E57 /* From Apple */,
			);
			path = Pricing;
			sourceTree = "<group>";
		};
		CF65A11A28D631C0004B241B /* Download */ = {
			isa = PBXGroup;
			children = (
				CF859EDB28E39790005C9FD4 /* New Download Overlay */,
				CF65A13128D692E2004B241B /* DownloadMenuView.swift */,
				CF65A13328D6BC2E004B241B /* DownloadAreaListCell.swift */,
			);
			path = Download;
			sourceTree = "<group>";
		};
		CF65A11D28D631F6004B241B /* App */ = {
			isa = PBXGroup;
			children = (
				CF143C0728D51DA100904E7E /* Main.swift */,
				CF65A11E28D631FF004B241B /* Application.swift */,
				CF65A12728D669E2004B241B /* DisplayError.swift */,
			);
			path = App;
			sourceTree = "<group>";
		};
		CF65A12028D6560F004B241B /* Extensions */ = {
			isa = PBXGroup;
			children = (
				CFD8C2A228E8CE5000B03091 /* CLLocationCoordinate2D+WA.swift */,
				CF859ED328E37AD7005C9FD4 /* Codable+RawRepresentable.swift */,
				CF65A14328D7EB65004B241B /* Color+UISystemColors.swift */,
				CF65A12F28D68460004B241B /* Combine.swift */,
				CF65A12128D6561F004B241B /* MKCoordinateRegion+Codable.swift */,
				CF65A12D28D67B39004B241B /* MKTileOverlayPath.swift */,
				CF65A12928D66D8E004B241B /* Result.swift */,
				CF65A13928D79368004B241B /* SwiftUI+UserDefaults.swift */,
				CFD8C2A428E8D2BF00B03091 /* UIBezierPath+WA.swift */,
				CFD8C2A628E8D31400B03091 /* UIView+WA.swift */,
				CF65A12B28D6737B004B241B /* URLResponse+Error.swift */,
				CF65A13528D6BFAE004B241B /* UserDefaults+Codable.swift */,
				CF32981B28E916D000148E57 /* Polygon+Region.swift */,
			);
			path = Extensions;
			sourceTree = "<group>";
		};
		CF65A12328D65908004B241B /* Managers */ = {
			isa = PBXGroup;
			children = (
				CF32981228E902AD00148E57 /* Download */,
				CF65A13728D6C565004B241B /* Logger.swift */,
				CF32981F28E9F9B200148E57 /* Pricing */,
			);
			path = Managers;
			sourceTree = "<group>";
		};
		CF65A12428D659D7004B241B /* Map */ = {
			isa = PBXGroup;
			children = (
				CF143C3928D56D2100904E7E /* MapContainerView.swift */,
				CF859ED928E382F4005C9FD4 /* MapState.swift */,
				CFE2892F28E51DBD00A495A5 /* Map.xcassets */,
				CFD8C29728E8C3DB00B03091 /* Drawing */,
				CFD8C2A828E8E0EA00B03091 /* Map View */,
				CF32982028E9FA8400148E57 /* Menu */,
			);
			path = Map;
			sourceTree = "<group>";
		};
		CF65A13F28D7B26F004B241B /* Shared */ = {
			isa = PBXGroup;
			children = (
				CF65A14028D7B27B004B241B /* ToastView.swift */,
			);
			path = Shared;
			sourceTree = "<group>";
		};
		CF65A14228D7B596004B241B /* Settings */ = {
			isa = PBXGroup;
			children = (
				CF65A13D28D79D56004B241B /* MapSettingsMenuView.swift */,
			);
			path = Settings;
			sourceTree = "<group>";
		};
		CF859EDB28E39790005C9FD4 /* New Download Overlay */ = {
			isa = PBXGroup;
			children = (
				CF143C3B28D57C8400904E7E /* DownloadOverlayView.swift */,
			);
			path = "New Download Overlay";
			sourceTree = "<group>";
		};
		CFD8C29728E8C3DB00B03091 /* Drawing */ = {
			isa = PBXGroup;
			children = (
				CFD8C2A028E8CD1A00B03091 /* BaseVM.swift */,
				CFD8C29A28E8CC3B00B03091 /* MapDrawingUIView.swift */,
				CFD8C29C28E8CC3B00B03091 /* MapDrawingUIView.xib */,
				CFD8C29B28E8CC3B00B03091 /* MapDrawingVM.swift */,
			);
			path = Drawing;
			sourceTree = "<group>";
		};
		CFD8C2A828E8E0EA00B03091 /* Map View */ = {
			isa = PBXGroup;
			children = (
				CF143C3228D51E7D00904E7E /* MapView.swift */,
				CF65A12528D65A12004B241B /* ChartTileOverlay.swift */,
				CF859ED728E37E9B005C9FD4 /* MapRegionChangeEvent.swift */,
			);
			path = "Map View";
			sourceTree = "<group>";
		};
		CFE2893328E51EDB00A495A5 /* Launch */ = {
			isa = PBXGroup;
			children = (
				CFE2893128E51DF600A495A5 /* Launch.xcassets */,
				CFE2893428E51EF000A495A5 /* Launch.storyboard */,
			);
			path = Launch;
			sourceTree = "<group>";
		};
/* End PBXGroup section */

/* Begin PBXNativeTarget section */
		CF143C0328D51DA100904E7E /* HipCharts */ = {
			isa = PBXNativeTarget;
			buildConfigurationList = CF143C2828D51DA700904E7E /* Build configuration list for PBXNativeTarget "HipCharts" */;
			buildPhases = (
				CF143C0028D51DA100904E7E /* Sources */,
				CF143C0128D51DA100904E7E /* Frameworks */,
				CF143C0228D51DA100904E7E /* Resources */,
			);
			buildRules = (
			);
			dependencies = (
			);
			name = HipCharts;
			packageProductDependencies = (
				CF32981728E9071400148E57 /* Turf */,
			);
			productName = FreeCharts;
			productReference = CF143C0428D51DA100904E7E /* HipCharts.app */;
			productType = "com.apple.product-type.application";
		};
		CF143C1328D51DA700904E7E /* HipChartsTests */ = {
			isa = PBXNativeTarget;
			buildConfigurationList = CF143C2B28D51DA700904E7E /* Build configuration list for PBXNativeTarget "HipChartsTests" */;
			buildPhases = (
				CF143C1028D51DA700904E7E /* Sources */,
				CF143C1128D51DA700904E7E /* Frameworks */,
				CF143C1228D51DA700904E7E /* Resources */,
			);
			buildRules = (
			);
			dependencies = (
				CF143C1628D51DA700904E7E /* PBXTargetDependency */,
			);
			name = HipChartsTests;
			productName = FreeChartsTests;
			productReference = CF143C1428D51DA700904E7E /* HipChartsTests.xctest */;
			productType = "com.apple.product-type.bundle.unit-test";
		};
		CF143C1D28D51DA700904E7E /* HipChartsUITests */ = {
			isa = PBXNativeTarget;
			buildConfigurationList = CF143C2E28D51DA700904E7E /* Build configuration list for PBXNativeTarget "HipChartsUITests" */;
			buildPhases = (
				CF143C1A28D51DA700904E7E /* Sources */,
				CF143C1B28D51DA700904E7E /* Frameworks */,
				CF143C1C28D51DA700904E7E /* Resources */,
			);
			buildRules = (
			);
			dependencies = (
				CF143C2028D51DA700904E7E /* PBXTargetDependency */,
			);
			name = HipChartsUITests;
			productName = FreeChartsUITests;
			productReference = CF143C1E28D51DA700904E7E /* HipChartsUITests.xctest */;
			productType = "com.apple.product-type.bundle.ui-testing";
		};
/* End PBXNativeTarget section */

/* Begin PBXProject section */
		CF143BFC28D51DA100904E7E /* Project object */ = {
			isa = PBXProject;
			attributes = {
				BuildIndependentTargetsInParallel = 1;
				LastSwiftUpdateCheck = 1340;
				LastUpgradeCheck = 1340;
				TargetAttributes = {
					CF143C0328D51DA100904E7E = {
						CreatedOnToolsVersion = 13.4.1;
					};
					CF143C1328D51DA700904E7E = {
						CreatedOnToolsVersion = 13.4.1;
						TestTargetID = CF143C0328D51DA100904E7E;
					};
					CF143C1D28D51DA700904E7E = {
						CreatedOnToolsVersion = 13.4.1;
						TestTargetID = CF143C0328D51DA100904E7E;
					};
				};
			};
			buildConfigurationList = CF143BFF28D51DA100904E7E /* Build configuration list for PBXProject "HipCharts" */;
			compatibilityVersion = "Xcode 13.0";
			developmentRegion = en;
			hasScannedForEncodings = 0;
			knownRegions = (
				en,
				Base,
			);
			mainGroup = CF143BFB28D51DA100904E7E;
			packageReferences = (
				CF32981628E9071400148E57 /* XCRemoteSwiftPackageReference "turf-swift" */,
			);
			productRefGroup = CF143C0528D51DA100904E7E /* Products */;
			projectDirPath = "";
			projectRoot = "";
			targets = (
				CF143C0328D51DA100904E7E /* HipCharts */,
				CF143C1328D51DA700904E7E /* HipChartsTests */,
				CF143C1D28D51DA700904E7E /* HipChartsUITests */,
			);
		};
/* End PBXProject section */

/* Begin PBXResourcesBuildPhase section */
		CF143C0228D51DA100904E7E /* Resources */ = {
			isa = PBXResourcesBuildPhase;
			buildActionMask = 2147483647;
			files = (
				CFE2893028E51DBD00A495A5 /* Map.xcassets in Resources */,
				CF32982828EA521000148E57 /* Testing.storekit in Resources */,
				CF32982428EA51AC00148E57 /* HipCharts.storekit in Resources */,
				CF143C0F28D51DA700904E7E /* Preview Assets.xcassets in Resources */,
				CFE2893228E51DF600A495A5 /* Launch.xcassets in Resources */,
				CF32982A28EA534F00148E57 /* StoreKitTestCertificate.cer in Resources */,
				CF143C0C28D51DA600904E7E /* AppIcon.xcassets in Resources */,
				CFD8C29F28E8CC3B00B03091 /* MapDrawingUIView.xib in Resources */,
				CFE2893528E51EF000A495A5 /* Launch.storyboard in Resources */,
			);
			runOnlyForDeploymentPostprocessing = 0;
		};
		CF143C1228D51DA700904E7E /* Resources */ = {
			isa = PBXResourcesBuildPhase;
			buildActionMask = 2147483647;
			files = (
			);
			runOnlyForDeploymentPostprocessing = 0;
		};
		CF143C1C28D51DA700904E7E /* Resources */ = {
			isa = PBXResourcesBuildPhase;
			buildActionMask = 2147483647;
			files = (
			);
			runOnlyForDeploymentPostprocessing = 0;
		};
/* End PBXResourcesBuildPhase section */

/* Begin PBXSourcesBuildPhase section */
		CF143C0028D51DA100904E7E /* Sources */ = {
			isa = PBXSourcesBuildPhase;
			buildActionMask = 2147483647;
			files = (
				CF32983B28EB3D2600148E57 /* StatusInfoView.swift in Sources */,
				CF65A13828D6C565004B241B /* Logger.swift in Sources */,
				CF143C3A28D56D2100904E7E /* MapContainerView.swift in Sources */,
				CFD8C2A328E8CE5000B03091 /* CLLocationCoordinate2D+WA.swift in Sources */,
				CF143C0A28D51DA100904E7E /* RootView.swift in Sources */,
				CFD8C29D28E8CC3B00B03091 /* MapDrawingUIView.swift in Sources */,
				CFD8C29E28E8CC3B00B03091 /* MapDrawingVM.swift in Sources */,
				CF143C3328D51E7D00904E7E /* MapView.swift in Sources */,
				CF32983A28EB3D2600148E57 /* ListCellView.swift in Sources */,
				CF65A13028D68460004B241B /* Combine.swift in Sources */,
				CF143C3C28D57C8400904E7E /* DownloadOverlayView.swift in Sources */,
				CF65A14128D7B27B004B241B /* ToastView.swift in Sources */,
				CFD8C2A728E8D31400B03091 /* UIView+WA.swift in Sources */,
				CF143C3828D5643400904E7E /* MapMenuView.swift in Sources */,
				CF32981E28E9F9AB00148E57 /* PricingManager.swift in Sources */,
				CF65A12E28D67B39004B241B /* MKTileOverlayPath.swift in Sources */,
				CF32981A28E9075B00148E57 /* DownloadArea.swift in Sources */,
				CF65A11F28D631FF004B241B /* Application.swift in Sources */,
				CF65A13E28D79D56004B241B /* MapSettingsMenuView.swift in Sources */,
				CF65A12A28D66D8E004B241B /* Result.swift in Sources */,
				CF65A13228D692E2004B241B /* DownloadMenuView.swift in Sources */,
				CF859ED828E37E9B005C9FD4 /* MapRegionChangeEvent.swift in Sources */,
				CF32982228E9FBA100148E57 /* PaywallView.swift in Sources */,
				CF65A12628D65A12004B241B /* ChartTileOverlay.swift in Sources */,
				CF65A13428D6BC2E004B241B /* DownloadAreaListCell.swift in Sources */,
				CF32981C28E916D000148E57 /* Polygon+Region.swift in Sources */,
				CFD8C2A128E8CD1A00B03091 /* BaseVM.swift in Sources */,
				CF143C0828D51DA100904E7E /* Main.swift in Sources */,
				CF65A13628D6BFAE004B241B /* UserDefaults+Codable.swift in Sources */,
				CF65A12C28D6737B004B241B /* URLResponse+Error.swift in Sources */,
				CF859EDA28E382F4005C9FD4 /* MapState.swift in Sources */,
				CF65A12828D669E2004B241B /* DisplayError.swift in Sources */,
				CF65A12228D6561F004B241B /* MKCoordinateRegion+Codable.swift in Sources */,
				CF32983F28EB3D2600148E57 /* SubscriptionsSectionView.swift in Sources */,
				CF32981128E902A300148E57 /* NeededTilesUtil.swift in Sources */,
				CF859ED428E37AD7005C9FD4 /* Codable+RawRepresentable.swift in Sources */,
				CF65A13A28D79368004B241B /* SwiftUI+UserDefaults.swift in Sources */,
				CF65A14428D7EB65004B241B /* Color+UISystemColors.swift in Sources */,
				CF32983928EB3D2600148E57 /* BuyButtonStyle.swift in Sources */,
				CF65A11C28D631DE004B241B /* DownloadManager.swift in Sources */,
				CF32983D28EB3D2600148E57 /* StoreView.swift in Sources */,
				CFD8C2A528E8D2BF00B03091 /* UIBezierPath+WA.swift in Sources */,
			);
			runOnlyForDeploymentPostprocessing = 0;
		};
		CF143C1028D51DA700904E7E /* Sources */ = {
			isa = PBXSourcesBuildPhase;
			buildActionMask = 2147483647;
			files = (
				CF143C1928D51DA700904E7E /* FreeChartsTests.swift in Sources */,
			);
			runOnlyForDeploymentPostprocessing = 0;
		};
		CF143C1A28D51DA700904E7E /* Sources */ = {
			isa = PBXSourcesBuildPhase;
			buildActionMask = 2147483647;
			files = (
				CF143C2328D51DA700904E7E /* FreeChartsUITests.swift in Sources */,
				CF143C2528D51DA700904E7E /* FreeChartsUITestsLaunchTests.swift in Sources */,
			);
			runOnlyForDeploymentPostprocessing = 0;
		};
/* End PBXSourcesBuildPhase section */

/* Begin PBXTargetDependency section */
		CF143C1628D51DA700904E7E /* PBXTargetDependency */ = {
			isa = PBXTargetDependency;
			target = CF143C0328D51DA100904E7E /* HipCharts */;
			targetProxy = CF143C1528D51DA700904E7E /* PBXContainerItemProxy */;
		};
		CF143C2028D51DA700904E7E /* PBXTargetDependency */ = {
			isa = PBXTargetDependency;
			target = CF143C0328D51DA100904E7E /* HipCharts */;
			targetProxy = CF143C1F28D51DA700904E7E /* PBXContainerItemProxy */;
		};
/* End PBXTargetDependency section */

/* Begin XCBuildConfiguration section */
		CF143C2628D51DA700904E7E /* Debug */ = {
			isa = XCBuildConfiguration;
			buildSettings = {
				ALWAYS_SEARCH_USER_PATHS = NO;
				CLANG_ANALYZER_NONNULL = YES;
				CLANG_ANALYZER_NUMBER_OBJECT_CONVERSION = YES_AGGRESSIVE;
				CLANG_CXX_LANGUAGE_STANDARD = "gnu++17";
				CLANG_ENABLE_MODULES = YES;
				CLANG_ENABLE_OBJC_ARC = YES;
				CLANG_ENABLE_OBJC_WEAK = YES;
				CLANG_WARN_BLOCK_CAPTURE_AUTORELEASING = YES;
				CLANG_WARN_BOOL_CONVERSION = YES;
				CLANG_WARN_COMMA = YES;
				CLANG_WARN_CONSTANT_CONVERSION = YES;
				CLANG_WARN_DEPRECATED_OBJC_IMPLEMENTATIONS = YES;
				CLANG_WARN_DIRECT_OBJC_ISA_USAGE = YES_ERROR;
				CLANG_WARN_DOCUMENTATION_COMMENTS = YES;
				CLANG_WARN_EMPTY_BODY = YES;
				CLANG_WARN_ENUM_CONVERSION = YES;
				CLANG_WARN_INFINITE_RECURSION = YES;
				CLANG_WARN_INT_CONVERSION = YES;
				CLANG_WARN_NON_LITERAL_NULL_CONVERSION = YES;
				CLANG_WARN_OBJC_IMPLICIT_RETAIN_SELF = YES;
				CLANG_WARN_OBJC_LITERAL_CONVERSION = YES;
				CLANG_WARN_OBJC_ROOT_CLASS = YES_ERROR;
				CLANG_WARN_QUOTED_INCLUDE_IN_FRAMEWORK_HEADER = YES;
				CLANG_WARN_RANGE_LOOP_ANALYSIS = YES;
				CLANG_WARN_STRICT_PROTOTYPES = YES;
				CLANG_WARN_SUSPICIOUS_MOVE = YES;
				CLANG_WARN_UNGUARDED_AVAILABILITY = YES_AGGRESSIVE;
				CLANG_WARN_UNREACHABLE_CODE = YES;
				CLANG_WARN__DUPLICATE_METHOD_MATCH = YES;
				COPY_PHASE_STRIP = NO;
				DEBUG_INFORMATION_FORMAT = dwarf;
				ENABLE_STRICT_OBJC_MSGSEND = YES;
				ENABLE_TESTABILITY = YES;
				GCC_C_LANGUAGE_STANDARD = gnu11;
				GCC_DYNAMIC_NO_PIC = NO;
				GCC_NO_COMMON_BLOCKS = YES;
				GCC_OPTIMIZATION_LEVEL = 0;
				GCC_PREPROCESSOR_DEFINITIONS = (
					"DEBUG=1",
					"$(inherited)",
				);
				GCC_WARN_64_TO_32_BIT_CONVERSION = YES;
				GCC_WARN_ABOUT_RETURN_TYPE = YES_ERROR;
				GCC_WARN_UNDECLARED_SELECTOR = YES;
				GCC_WARN_UNINITIALIZED_AUTOS = YES_AGGRESSIVE;
				GCC_WARN_UNUSED_FUNCTION = YES;
				GCC_WARN_UNUSED_VARIABLE = YES;
				IPHONEOS_DEPLOYMENT_TARGET = 15.5;
				MTL_ENABLE_DEBUG_INFO = INCLUDE_SOURCE;
				MTL_FAST_MATH = YES;
				ONLY_ACTIVE_ARCH = YES;
				SDKROOT = iphoneos;
				SWIFT_ACTIVE_COMPILATION_CONDITIONS = DEBUG;
				SWIFT_OPTIMIZATION_LEVEL = "-Onone";
			};
			name = Debug;
		};
		CF143C2728D51DA700904E7E /* Release */ = {
			isa = XCBuildConfiguration;
			buildSettings = {
				ALWAYS_SEARCH_USER_PATHS = NO;
				CLANG_ANALYZER_NONNULL = YES;
				CLANG_ANALYZER_NUMBER_OBJECT_CONVERSION = YES_AGGRESSIVE;
				CLANG_CXX_LANGUAGE_STANDARD = "gnu++17";
				CLANG_ENABLE_MODULES = YES;
				CLANG_ENABLE_OBJC_ARC = YES;
				CLANG_ENABLE_OBJC_WEAK = YES;
				CLANG_WARN_BLOCK_CAPTURE_AUTORELEASING = YES;
				CLANG_WARN_BOOL_CONVERSION = YES;
				CLANG_WARN_COMMA = YES;
				CLANG_WARN_CONSTANT_CONVERSION = YES;
				CLANG_WARN_DEPRECATED_OBJC_IMPLEMENTATIONS = YES;
				CLANG_WARN_DIRECT_OBJC_ISA_USAGE = YES_ERROR;
				CLANG_WARN_DOCUMENTATION_COMMENTS = YES;
				CLANG_WARN_EMPTY_BODY = YES;
				CLANG_WARN_ENUM_CONVERSION = YES;
				CLANG_WARN_INFINITE_RECURSION = YES;
				CLANG_WARN_INT_CONVERSION = YES;
				CLANG_WARN_NON_LITERAL_NULL_CONVERSION = YES;
				CLANG_WARN_OBJC_IMPLICIT_RETAIN_SELF = YES;
				CLANG_WARN_OBJC_LITERAL_CONVERSION = YES;
				CLANG_WARN_OBJC_ROOT_CLASS = YES_ERROR;
				CLANG_WARN_QUOTED_INCLUDE_IN_FRAMEWORK_HEADER = YES;
				CLANG_WARN_RANGE_LOOP_ANALYSIS = YES;
				CLANG_WARN_STRICT_PROTOTYPES = YES;
				CLANG_WARN_SUSPICIOUS_MOVE = YES;
				CLANG_WARN_UNGUARDED_AVAILABILITY = YES_AGGRESSIVE;
				CLANG_WARN_UNREACHABLE_CODE = YES;
				CLANG_WARN__DUPLICATE_METHOD_MATCH = YES;
				COPY_PHASE_STRIP = NO;
				DEBUG_INFORMATION_FORMAT = "dwarf-with-dsym";
				ENABLE_NS_ASSERTIONS = NO;
				ENABLE_STRICT_OBJC_MSGSEND = YES;
				GCC_C_LANGUAGE_STANDARD = gnu11;
				GCC_NO_COMMON_BLOCKS = YES;
				GCC_WARN_64_TO_32_BIT_CONVERSION = YES;
				GCC_WARN_ABOUT_RETURN_TYPE = YES_ERROR;
				GCC_WARN_UNDECLARED_SELECTOR = YES;
				GCC_WARN_UNINITIALIZED_AUTOS = YES_AGGRESSIVE;
				GCC_WARN_UNUSED_FUNCTION = YES;
				GCC_WARN_UNUSED_VARIABLE = YES;
				IPHONEOS_DEPLOYMENT_TARGET = 15.5;
				MTL_ENABLE_DEBUG_INFO = NO;
				MTL_FAST_MATH = YES;
				SDKROOT = iphoneos;
				SWIFT_COMPILATION_MODE = wholemodule;
				SWIFT_OPTIMIZATION_LEVEL = "-O";
				VALIDATE_PRODUCT = YES;
			};
			name = Release;
		};
		CF143C2928D51DA700904E7E /* Debug */ = {
			isa = XCBuildConfiguration;
			buildSettings = {
				ASSETCATALOG_COMPILER_APPICON_NAME = AppIcon;
				ASSETCATALOG_COMPILER_GLOBAL_ACCENT_COLOR_NAME = AccentColor;
				CODE_SIGN_STYLE = Automatic;
				CURRENT_PROJECT_VERSION = 2;
				DEVELOPMENT_ASSET_PATHS = "\"HipCharts/Preview Content\"";
				DEVELOPMENT_TEAM = 26629D7QMJ;
				ENABLE_PREVIEWS = YES;
				GENERATE_INFOPLIST_FILE = YES;
				INFOPLIST_FILE = HipCharts/Info.plist;
				INFOPLIST_KEY_CFBundleDisplayName = "Hip Charts";
				INFOPLIST_KEY_NSLocationWhenInUseUsageDescription = "To show your location on the map";
				INFOPLIST_KEY_UIApplicationSceneManifest_Generation = YES;
				INFOPLIST_KEY_UIApplicationSupportsIndirectInputEvents = YES;
				INFOPLIST_KEY_UILaunchStoryboardName = Launch;
				INFOPLIST_KEY_UISupportedInterfaceOrientations_iPad = "UIInterfaceOrientationPortrait UIInterfaceOrientationPortraitUpsideDown UIInterfaceOrientationLandscapeLeft UIInterfaceOrientationLandscapeRight";
				INFOPLIST_KEY_UISupportedInterfaceOrientations_iPhone = "UIInterfaceOrientationPortrait UIInterfaceOrientationLandscapeLeft UIInterfaceOrientationLandscapeRight";
				IPHONEOS_DEPLOYMENT_TARGET = 15.0;
				LD_RUNPATH_SEARCH_PATHS = (
					"$(inherited)",
					"@executable_path/Frameworks",
				);
				MARKETING_VERSION = 1.0;
				PRODUCT_BUNDLE_IDENTIFIER = walkaboutapps.HipCharts;
				PRODUCT_NAME = "$(TARGET_NAME)";
				SWIFT_EMIT_LOC_STRINGS = YES;
				SWIFT_VERSION = 5.0;
				TARGETED_DEVICE_FAMILY = "1,2";
			};
			name = Debug;
		};
		CF143C2A28D51DA700904E7E /* Release */ = {
			isa = XCBuildConfiguration;
			buildSettings = {
				ASSETCATALOG_COMPILER_APPICON_NAME = AppIcon;
				ASSETCATALOG_COMPILER_GLOBAL_ACCENT_COLOR_NAME = AccentColor;
				CODE_SIGN_STYLE = Automatic;
				CURRENT_PROJECT_VERSION = 2;
				DEVELOPMENT_ASSET_PATHS = "\"HipCharts/Preview Content\"";
				DEVELOPMENT_TEAM = 26629D7QMJ;
				ENABLE_PREVIEWS = YES;
				GENERATE_INFOPLIST_FILE = YES;
				INFOPLIST_FILE = HipCharts/Info.plist;
				INFOPLIST_KEY_CFBundleDisplayName = "Hip Charts";
				INFOPLIST_KEY_NSLocationWhenInUseUsageDescription = "To show your location on the map";
				INFOPLIST_KEY_UIApplicationSceneManifest_Generation = YES;
				INFOPLIST_KEY_UIApplicationSupportsIndirectInputEvents = YES;
				INFOPLIST_KEY_UILaunchStoryboardName = Launch;
				INFOPLIST_KEY_UISupportedInterfaceOrientations_iPad = "UIInterfaceOrientationPortrait UIInterfaceOrientationPortraitUpsideDown UIInterfaceOrientationLandscapeLeft UIInterfaceOrientationLandscapeRight";
				INFOPLIST_KEY_UISupportedInterfaceOrientations_iPhone = "UIInterfaceOrientationPortrait UIInterfaceOrientationLandscapeLeft UIInterfaceOrientationLandscapeRight";
				IPHONEOS_DEPLOYMENT_TARGET = 15.0;
				LD_RUNPATH_SEARCH_PATHS = (
					"$(inherited)",
					"@executable_path/Frameworks",
				);
				MARKETING_VERSION = 1.0;
				PRODUCT_BUNDLE_IDENTIFIER = walkaboutapps.HipCharts;
				PRODUCT_NAME = "$(TARGET_NAME)";
				SWIFT_EMIT_LOC_STRINGS = YES;
				SWIFT_VERSION = 5.0;
				TARGETED_DEVICE_FAMILY = "1,2";
			};
			name = Release;
		};
		CF143C2C28D51DA700904E7E /* Debug */ = {
			isa = XCBuildConfiguration;
			buildSettings = {
				ALWAYS_EMBED_SWIFT_STANDARD_LIBRARIES = YES;
				BUNDLE_LOADER = "$(TEST_HOST)";
				CODE_SIGN_STYLE = Automatic;
				CURRENT_PROJECT_VERSION = 1;
				DEVELOPMENT_TEAM = 26629D7QMJ;
				GENERATE_INFOPLIST_FILE = YES;
				IPHONEOS_DEPLOYMENT_TARGET = 15.5;
				MARKETING_VERSION = 1.0;
				PRODUCT_BUNDLE_IDENTIFIER = walkaboutapps.FreeChartsTests;
				PRODUCT_NAME = "$(TARGET_NAME)";
				SWIFT_EMIT_LOC_STRINGS = NO;
				SWIFT_VERSION = 5.0;
				TARGETED_DEVICE_FAMILY = "1,2";
				TEST_HOST = "$(BUILT_PRODUCTS_DIR)/FreeCharts.app/FreeCharts";
			};
			name = Debug;
		};
		CF143C2D28D51DA700904E7E /* Release */ = {
			isa = XCBuildConfiguration;
			buildSettings = {
				ALWAYS_EMBED_SWIFT_STANDARD_LIBRARIES = YES;
				BUNDLE_LOADER = "$(TEST_HOST)";
				CODE_SIGN_STYLE = Automatic;
				CURRENT_PROJECT_VERSION = 1;
				DEVELOPMENT_TEAM = 26629D7QMJ;
				GENERATE_INFOPLIST_FILE = YES;
				IPHONEOS_DEPLOYMENT_TARGET = 15.5;
				MARKETING_VERSION = 1.0;
				PRODUCT_BUNDLE_IDENTIFIER = walkaboutapps.FreeChartsTests;
				PRODUCT_NAME = "$(TARGET_NAME)";
				SWIFT_EMIT_LOC_STRINGS = NO;
				SWIFT_VERSION = 5.0;
				TARGETED_DEVICE_FAMILY = "1,2";
				TEST_HOST = "$(BUILT_PRODUCTS_DIR)/FreeCharts.app/FreeCharts";
			};
			name = Release;
		};
		CF143C2F28D51DA700904E7E /* Debug */ = {
			isa = XCBuildConfiguration;
			buildSettings = {
				ALWAYS_EMBED_SWIFT_STANDARD_LIBRARIES = YES;
				CODE_SIGN_STYLE = Automatic;
				CURRENT_PROJECT_VERSION = 1;
				DEVELOPMENT_TEAM = 26629D7QMJ;
				GENERATE_INFOPLIST_FILE = YES;
				MARKETING_VERSION = 1.0;
				PRODUCT_BUNDLE_IDENTIFIER = walkaboutapps.FreeChartsUITests;
				PRODUCT_NAME = "$(TARGET_NAME)";
				SWIFT_EMIT_LOC_STRINGS = NO;
				SWIFT_VERSION = 5.0;
				TARGETED_DEVICE_FAMILY = "1,2";
				TEST_TARGET_NAME = FreeCharts;
			};
			name = Debug;
		};
		CF143C3028D51DA700904E7E /* Release */ = {
			isa = XCBuildConfiguration;
			buildSettings = {
				ALWAYS_EMBED_SWIFT_STANDARD_LIBRARIES = YES;
				CODE_SIGN_STYLE = Automatic;
				CURRENT_PROJECT_VERSION = 1;
				DEVELOPMENT_TEAM = 26629D7QMJ;
				GENERATE_INFOPLIST_FILE = YES;
				MARKETING_VERSION = 1.0;
				PRODUCT_BUNDLE_IDENTIFIER = walkaboutapps.FreeChartsUITests;
				PRODUCT_NAME = "$(TARGET_NAME)";
				SWIFT_EMIT_LOC_STRINGS = NO;
				SWIFT_VERSION = 5.0;
				TARGETED_DEVICE_FAMILY = "1,2";
				TEST_TARGET_NAME = FreeCharts;
			};
			name = Release;
		};
/* End XCBuildConfiguration section */

/* Begin XCConfigurationList section */
		CF143BFF28D51DA100904E7E /* Build configuration list for PBXProject "HipCharts" */ = {
			isa = XCConfigurationList;
			buildConfigurations = (
				CF143C2628D51DA700904E7E /* Debug */,
				CF143C2728D51DA700904E7E /* Release */,
			);
			defaultConfigurationIsVisible = 0;
			defaultConfigurationName = Release;
		};
		CF143C2828D51DA700904E7E /* Build configuration list for PBXNativeTarget "HipCharts" */ = {
			isa = XCConfigurationList;
			buildConfigurations = (
				CF143C2928D51DA700904E7E /* Debug */,
				CF143C2A28D51DA700904E7E /* Release */,
			);
			defaultConfigurationIsVisible = 0;
			defaultConfigurationName = Release;
		};
		CF143C2B28D51DA700904E7E /* Build configuration list for PBXNativeTarget "HipChartsTests" */ = {
			isa = XCConfigurationList;
			buildConfigurations = (
				CF143C2C28D51DA700904E7E /* Debug */,
				CF143C2D28D51DA700904E7E /* Release */,
			);
			defaultConfigurationIsVisible = 0;
			defaultConfigurationName = Release;
		};
		CF143C2E28D51DA700904E7E /* Build configuration list for PBXNativeTarget "HipChartsUITests" */ = {
			isa = XCConfigurationList;
			buildConfigurations = (
				CF143C2F28D51DA700904E7E /* Debug */,
				CF143C3028D51DA700904E7E /* Release */,
			);
			defaultConfigurationIsVisible = 0;
			defaultConfigurationName = Release;
		};
/* End XCConfigurationList section */

/* Begin XCRemoteSwiftPackageReference section */
		CF32981628E9071400148E57 /* XCRemoteSwiftPackageReference "turf-swift" */ = {
			isa = XCRemoteSwiftPackageReference;
			repositoryURL = "https://github.com/mapbox/turf-swift.git";
			requirement = {
				branch = main;
				kind = branch;
			};
		};
/* End XCRemoteSwiftPackageReference section */

/* Begin XCSwiftPackageProductDependency section */
		CF32981728E9071400148E57 /* Turf */ = {
			isa = XCSwiftPackageProductDependency;
			package = CF32981628E9071400148E57 /* XCRemoteSwiftPackageReference "turf-swift" */;
			productName = Turf;
		};
/* End XCSwiftPackageProductDependency section */
	};
	rootObject = CF143BFC28D51DA100904E7E /* Project object */;
}
